
Microsoft Visual Studio Solution File, Format Version 12.00
# Visual Studio Version 17
VisualStudioVersion = 17.2.32630.192
MinimumVisualStudioVersion = 10.0.40219.1
Project("{FAE04EC0-301F-11D3-BF4B-00C04F79EFBC}") = "Homework1_1_3", "Homework1_1_3\Homework1_1_3.csproj", "{8035B009-3E0E-432F-B13F-0D4DE86616EF}"
EndProject
Global
	GlobalSection(SolutionConfigurationPlatforms) = preSolution
		Debug|Any CPU = Debug|Any CPU
		Release|Any CPU = Release|Any CPU
	EndGlobalSection
	GlobalSection(ProjectConfigurationPlatforms) = postSolution
		{8035B009-3E0E-432F-B13F-0D4DE86616EF}.Debug|Any CPU.ActiveCfg = Debug|Any CPU
		{8035B009-3E0E-432F-B13F-0D4DE86616EF}.Debug|Any CPU.Build.0 = Debug|Any CPU
		{8035B009-3E0E-432F-B13F-0D4DE86616EF}.Release|Any CPU.ActiveCfg = Release|Any CPU
		{8035B009-3E0E-432F-B13F-0D4DE86616EF}.Release|Any CPU.Build.0 = Release|Any CPU
	EndGlobalSection
	GlobalSection(SolutionProperties) = preSolution
		HideSolutionNode = FALSE
	EndGlobalSection
	GlobalSection(ExtensibilityGlobals) = postSolution
		SolutionGuid = {909D3AAA-991B-48CB-A0AD-46237D4996E1}
	EndGlobalSection
EndGlobal
